
Microsoft Visual Studio Solution File, Format Version 12.00
# Visual Studio Version 17
VisualStudioVersion = 17.8.34511.84
MinimumVisualStudioVersion = 10.0.40219.1
Project("{FAE04EC0-301F-11D3-BF4B-00C04F79EFBC}") = "GateKeeperHub.Api.Demo", "GateKeeperHub.Api.Demo\GateKeeperHub.Api.Demo.csproj", "{8277D5DA-F113-4AE2-9B6F-4E4DBC687249}"
EndProject
Global
	GlobalSection(SolutionConfigurationPlatforms) = preSolution
		Debug|Any CPU = Debug|Any CPU
		Release|Any CPU = Release|Any CPU
	EndGlobalSection
	GlobalSection(ProjectConfigurationPlatforms) = postSolution
		{8277D5DA-F113-4AE2-9B6F-4E4DBC687249}.Debug|Any CPU.ActiveCfg = Debug|Any CPU
		{8277D5DA-F113-4AE2-9B6F-4E4DBC687249}.Debug|Any CPU.Build.0 = Debug|Any CPU
		{8277D5DA-F113-4AE2-9B6F-4E4DBC687249}.Release|Any CPU.ActiveCfg = Release|Any CPU
		{8277D5DA-F113-4AE2-9B6F-4E4DBC687249}.Release|Any CPU.Build.0 = Release|Any CPU
	EndGlobalSection
	GlobalSection(SolutionProperties) = preSolution
		HideSolutionNode = FALSE
	EndGlobalSection
	GlobalSection(ExtensibilityGlobals) = postSolution
		SolutionGuid = {C3B719C3-D32C-4422-BBB0-619A0DB9461A}
	EndGlobalSection
EndGlobal
